{
  "name": "meetup",
  "version": "1.0.0",
  "lockfileVersion": 1,
  "requires": true,
  "dependencies": {
    "@playwright/test": {
      "version": "1.25.0-alpha-jul-15-2022",
      "resolved": "https://registry.npmjs.org/@playwright/test/-/test-1.25.0-alpha-jul-15-2022.tgz",
      "integrity": "sha512-06ac8MLIbGqL47frHLTON40JHp6sVTeS1NCYnZiFgwWC0koN/g0Ay6Dvhd1MDYXB4ovEiGEzKXiNfP2VNe32Wg==",
      "dev": true,
      "requires": {
        "@types/node": "*",
        "playwright-core": "1.25.0-alpha-jul-15-2022"
      },
      "dependencies": {
        "playwright-core": {
          "version": "1.25.0-alpha-jul-15-2022",
          "resolved": "https://registry.npmjs.org/playwright-core/-/playwright-core-1.25.0-alpha-jul-15-2022.tgz",
          "integrity": "sha512-Ocy620YGmH+gEw6p5IcGIPxAteK/cba5ZRKtbIx5ctWX/txQfEA/FKdRWBOr/BYRoYZsLfmGeQU9u89aPMuyuw==",
          "dev": true
        }
      }
    },
    "@types/node": {
      "version": "18.0.4",
      "resolved": "https://registry.npmjs.org/@types/node/-/node-18.0.4.tgz",
      "integrity": "sha512-M0+G6V0Y4YV8cqzHssZpaNCqvYwlCiulmm0PwpNLF55r/+cT8Ol42CHRU1SEaYFH2rTwiiE1aYg/2g2rrtGdPA==",
      "dev": true
    }
  }
}
